
Microsoft Visual Studio Solution File, Format Version 12.00
# Visual Studio Version 16
VisualStudioVersion = 16.0.31112.23
MinimumVisualStudioVersion = 10.0.40219.1
Project("{FAE04EC0-301F-11D3-BF4B-00C04F79EFBC}") = "creaciondecarpeta", "creaciondecarpeta\creaciondecarpeta.csproj", "{1EA0BCB6-4E5D-4A40-9739-FF061EF2B41C}"
EndProject
Project("{54435603-DBB4-11D2-8724-00A0C9A8B90C}") = "Setup1", "Setup1\Setup1.vdproj", "{F6A72AB5-98E9-4569-99AC-9806AC80E566}"
EndProject
Project("{FAE04EC0-301F-11D3-BF4B-00C04F79EFBC}") = "WindowsService1", "WindowsService1\WindowsService1.csproj", "{D4797B64-0ACA-42E7-B8C1-90F191C81439}"
EndProject
Project("{54435603-DBB4-11D2-8724-00A0C9A8B90C}") = "InstaladorWS", "InstaladorWS\InstaladorWS.vdproj", "{341CAF87-4181-4E01-AA71-2B50FA5C48CF}"
EndProject
Project("{FAE04EC0-301F-11D3-BF4B-00C04F79EFBC}") = "servicioprueba", "servicioprueba\servicioprueba.csproj", "{9EB02326-DF8C-4455-90B6-22A4FF398EFA}"
EndProject
Project("{54435603-DBB4-11D2-8724-00A0C9A8B90C}") = "instalarprueba", "instalarprueba\instalarprueba.vdproj", "{79EE7F42-D005-4D36-A4AD-6E8C125842A2}"
EndProject
Project("{54435603-DBB4-11D2-8724-00A0C9A8B90C}") = "instalador64", "instalador64\instalador64.vdproj", "{EC36A581-AB57-42C2-81F5-1F744888B46E}"
EndProject
Global
	GlobalSection(SolutionConfigurationPlatforms) = preSolution
		Debug|Any CPU = Debug|Any CPU
		Release|Any CPU = Release|Any CPU
	EndGlobalSection
	GlobalSection(ProjectConfigurationPlatforms) = postSolution
		{1EA0BCB6-4E5D-4A40-9739-FF061EF2B41C}.Debug|Any CPU.ActiveCfg = Debug|Any CPU
		{1EA0BCB6-4E5D-4A40-9739-FF061EF2B41C}.Debug|Any CPU.Build.0 = Debug|Any CPU
		{1EA0BCB6-4E5D-4A40-9739-FF061EF2B41C}.Release|Any CPU.ActiveCfg = Release|Any CPU
		{1EA0BCB6-4E5D-4A40-9739-FF061EF2B41C}.Release|Any CPU.Build.0 = Release|Any CPU
		{F6A72AB5-98E9-4569-99AC-9806AC80E566}.Debug|Any CPU.ActiveCfg = Debug
		{F6A72AB5-98E9-4569-99AC-9806AC80E566}.Release|Any CPU.ActiveCfg = Release
		{D4797B64-0ACA-42E7-B8C1-90F191C81439}.Debug|Any CPU.ActiveCfg = Debug|Any CPU
		{D4797B64-0ACA-42E7-B8C1-90F191C81439}.Debug|Any CPU.Build.0 = Debug|Any CPU
		{D4797B64-0ACA-42E7-B8C1-90F191C81439}.Release|Any CPU.ActiveCfg = Release|Any CPU
		{D4797B64-0ACA-42E7-B8C1-90F191C81439}.Release|Any CPU.Build.0 = Release|Any CPU
		{341CAF87-4181-4E01-AA71-2B50FA5C48CF}.Debug|Any CPU.ActiveCfg = Debug
		{341CAF87-4181-4E01-AA71-2B50FA5C48CF}.Release|Any CPU.ActiveCfg = Release
		{9EB02326-DF8C-4455-90B6-22A4FF398EFA}.Debug|Any CPU.ActiveCfg = Debug|Any CPU
		{9EB02326-DF8C-4455-90B6-22A4FF398EFA}.Debug|Any CPU.Build.0 = Debug|Any CPU
		{9EB02326-DF8C-4455-90B6-22A4FF398EFA}.Release|Any CPU.ActiveCfg = Release|Any CPU
		{9EB02326-DF8C-4455-90B6-22A4FF398EFA}.Release|Any CPU.Build.0 = Release|Any CPU
		{79EE7F42-D005-4D36-A4AD-6E8C125842A2}.Debug|Any CPU.ActiveCfg = Debug
		{79EE7F42-D005-4D36-A4AD-6E8C125842A2}.Release|Any CPU.ActiveCfg = Release
		{EC36A581-AB57-42C2-81F5-1F744888B46E}.Debug|Any CPU.ActiveCfg = Debug
		{EC36A581-AB57-42C2-81F5-1F744888B46E}.Release|Any CPU.ActiveCfg = Release
	EndGlobalSection
	GlobalSection(SolutionProperties) = preSolution
		HideSolutionNode = FALSE
	EndGlobalSection
	GlobalSection(ExtensibilityGlobals) = postSolution
		SolutionGuid = {C2946ADC-EF7D-4C85-97D0-1E416D8E09DF}
	EndGlobalSection
EndGlobal
